
Microsoft Visual Studio Solution File, Format Version 12.00
# Visual Studio Version 17
VisualStudioVersion = 17.9.34622.214
MinimumVisualStudioVersion = 10.0.40219.1
Project("{FAE04EC0-301F-11D3-BF4B-00C04F79EFBC}") = "Telecommunication", "Telecommunication\Telecommunication.csproj", "{2AE7BDCA-DE1B-4A09-8519-37E01F9EC133}"
EndProject
Global
	GlobalSection(SolutionConfigurationPlatforms) = preSolution
		Debug|Any CPU = Debug|Any CPU
		Release|Any CPU = Release|Any CPU
	EndGlobalSection
	GlobalSection(ProjectConfigurationPlatforms) = postSolution
		{2AE7BDCA-DE1B-4A09-8519-37E01F9EC133}.Debug|Any CPU.ActiveCfg = Debug|Any CPU
		{2AE7BDCA-DE1B-4A09-8519-37E01F9EC133}.Debug|Any CPU.Build.0 = Debug|Any CPU
		{2AE7BDCA-DE1B-4A09-8519-37E01F9EC133}.Release|Any CPU.ActiveCfg = Release|Any CPU
		{2AE7BDCA-DE1B-4A09-8519-37E01F9EC133}.Release|Any CPU.Build.0 = Release|Any CPU
	EndGlobalSection
	GlobalSection(SolutionProperties) = preSolution
		HideSolutionNode = FALSE
	EndGlobalSection
	GlobalSection(ExtensibilityGlobals) = postSolution
		SolutionGuid = {D3E477F3-F3BA-42B6-B674-F23DADC7FC4D}
	EndGlobalSection
EndGlobal
